{
    "_readme": [
        "This file locks the dependencies of your project to a known state",
        "Read more about it at https://getcomposer.org/doc/01-basic-usage.md#composer-lock-the-lock-file",
        "This file is @generated automatically"
    ],
    "content-hash": "e7dbb73ebddfa39f5315f01c5c3e899d",
    "packages": [
        {
            "name": "aspera/xlsx-reader",
            "version": "v0.7.5",
            "source": {
                "type": "git",
                "url": "https://github.com/AsperaGmbH/xlsx-reader.git",
                "reference": "ef65b20b8718565368639d2aea2cd4f896af65ca"
            },
            "dist": {
                "type": "zip",
                "url": "https://api.github.com/repos/AsperaGmbH/xlsx-reader/zipball/ef65b20b8718565368639d2aea2cd4f896af65ca",
                "reference": "ef65b20b8718565368639d2aea2cd4f896af65ca",
                "shasum": ""
            },
            "require": {
                "ext-xmlreader": "*",
                "ext-zip": "*",
                "php": ">= 5.6.0"
            },
            "require-dev": {
                "phpunit/phpunit": "5.*"
            },
            "type": "library",
            "autoload": {
                "psr-4": {
                    "Aspera\\Spreadsheet\\XLSX\\": "lib/"
                }
            },
            "notification-url": "https://packagist.org/downloads/",
            "license": [
                "MIT"
            ],
            "authors": [
                {
                    "name": "Aspera GmbH",
                    "email": "info@aspera.com",
                    "homepage": "https://www.aspera.com"
                },
                {
                    "name": "Martins Pilsetnieks",
                    "email": "pilsetnieks@gmail.com",
                    "homepage": "http://www.nuovo.lv/"
                }
            ],
            "description": "Spreadsheet reader library for Microsoft Excel XLSX files",
            "homepage": "https://bitbucket-prod.aspera.usu.grp/projects/SMARTTRACK/repos/xlsx-reader/",
            "keywords": [
                "excel",
                "spreadsheet",
                "xls",
                "xlsx"
            ],
            "time": "2019-07-22T15:05:57+00:00"
        }
    ],
    "packages-dev": [],
    "aliases": [],
    "minimum-stability": "stable",
    "stability-flags": [],
    "prefer-stable": false,
    "prefer-lowest": false,
    "platform": [],
    "platform-dev": []
}
